
Microsoft Visual Studio Solution File, Format Version 12.00
# Visual Studio Version 17
VisualStudioVersion = 17.14.36915.13
MinimumVisualStudioVersion = 10.0.40219.1
Project("{FAE04EC0-301F-11D3-BF4B-00C04F79EFBC}") = "GymManagementSystem.PL", "GymManagementSystem.PL.csproj", "{A7EA86FE-8809-438A-9203-EB014D63F5F1}"
EndProject
Project("{FAE04EC0-301F-11D3-BF4B-00C04F79EFBC}") = "GymManagementSystem.DAL", "..\GymManagementSystem.DAL\GymManagementSystem.DAL.csproj", "{FC4E7B5D-DFD7-478A-864D-50EACF9BE6C9}"
EndProject
Project("{FAE04EC0-301F-11D3-BF4B-00C04F79EFBC}") = "GymManagementSystem.BLL", "..\GymManagementSystem.BLL\GymManagementSystem.BLL.csproj", "{1CA02990-937C-40FF-8365-FA8AB581EA61}"
EndProject
Global
	GlobalSection(SolutionConfigurationPlatforms) = preSolution
		Debug|Any CPU = Debug|Any CPU
		Release|Any CPU = Release|Any CPU
	EndGlobalSection
	GlobalSection(ProjectConfigurationPlatforms) = postSolution
		{A7EA86FE-8809-438A-9203-EB014D63F5F1}.Debug|Any CPU.ActiveCfg = Debug|Any CPU
		{A7EA86FE-8809-438A-9203-EB014D63F5F1}.Debug|Any CPU.Build.0 = Debug|Any CPU
		{A7EA86FE-8809-438A-9203-EB014D63F5F1}.Release|Any CPU.ActiveCfg = Release|Any CPU
		{A7EA86FE-8809-438A-9203-EB014D63F5F1}.Release|Any CPU.Build.0 = Release|Any CPU
		{FC4E7B5D-DFD7-478A-864D-50EACF9BE6C9}.Debug|Any CPU.ActiveCfg = Debug|Any CPU
		{FC4E7B5D-DFD7-478A-864D-50EACF9BE6C9}.Debug|Any CPU.Build.0 = Debug|Any CPU
		{FC4E7B5D-DFD7-478A-864D-50EACF9BE6C9}.Release|Any CPU.ActiveCfg = Release|Any CPU
		{FC4E7B5D-DFD7-478A-864D-50EACF9BE6C9}.Release|Any CPU.Build.0 = Release|Any CPU
		{1CA02990-937C-40FF-8365-FA8AB581EA61}.Debug|Any CPU.ActiveCfg = Debug|Any CPU
		{1CA02990-937C-40FF-8365-FA8AB581EA61}.Debug|Any CPU.Build.0 = Debug|Any CPU
		{1CA02990-937C-40FF-8365-FA8AB581EA61}.Release|Any CPU.ActiveCfg = Release|Any CPU
		{1CA02990-937C-40FF-8365-FA8AB581EA61}.Release|Any CPU.Build.0 = Release|Any CPU
	EndGlobalSection
	GlobalSection(SolutionProperties) = preSolution
		HideSolutionNode = FALSE
	EndGlobalSection
	GlobalSection(ExtensibilityGlobals) = postSolution
		SolutionGuid = {56C013F1-5C75-4A9D-9082-9175042FAE10}
	EndGlobalSection
EndGlobal
